
Microsoft Visual Studio Solution File, Format Version 12.00
# Visual Studio Version 17
VisualStudioVersion = 17.14.36518.9 d17.14
MinimumVisualStudioVersion = 10.0.40219.1
Project("{FAE04EC0-301F-11D3-BF4B-00C04F79EFBC}") = "VideoGameApi", "VideoGameApi\VideoGameApi.csproj", "{EA7D28C3-39CB-406B-A849-B7DAF8691F58}"
EndProject
Global
	GlobalSection(SolutionConfigurationPlatforms) = preSolution
		Debug|Any CPU = Debug|Any CPU
		Release|Any CPU = Release|Any CPU
	EndGlobalSection
	GlobalSection(ProjectConfigurationPlatforms) = postSolution
		{EA7D28C3-39CB-406B-A849-B7DAF8691F58}.Debug|Any CPU.ActiveCfg = Debug|Any CPU
		{EA7D28C3-39CB-406B-A849-B7DAF8691F58}.Debug|Any CPU.Build.0 = Debug|Any CPU
		{EA7D28C3-39CB-406B-A849-B7DAF8691F58}.Release|Any CPU.ActiveCfg = Release|Any CPU
		{EA7D28C3-39CB-406B-A849-B7DAF8691F58}.Release|Any CPU.Build.0 = Release|Any CPU
	EndGlobalSection
	GlobalSection(SolutionProperties) = preSolution
		HideSolutionNode = FALSE
	EndGlobalSection
	GlobalSection(ExtensibilityGlobals) = postSolution
		SolutionGuid = {01ACFA0D-A91E-4519-9CBF-DEA62F640DBD}
	EndGlobalSection
EndGlobal
